
Microsoft Visual Studio Solution File, Format Version 12.00
# Visual Studio Version 17
VisualStudioVersion = 17.2.32526.322
MinimumVisualStudioVersion = 10.0.40219.1
Project("{9A19103F-16F7-4668-BE54-9A1E7A4F7556}") = "YPermitin.FIASToolSet.DistributionBrowser", "Libs\YPermitin.FIASToolSet.DistributionBrowser\YPermitin.FIASToolSet.DistributionBrowser.csproj", "{836B61E0-B6C2-4837-93C3-F4CA8B7FE8DC}"
EndProject
Project("{2150E333-8FDC-42A3-9474-1A3956D46DE8}") = "Libs", "Libs", "{068FF229-56E5-4718-83EF-1D863CBE8F71}"
EndProject
Project("{2150E333-8FDC-42A3-9474-1A3956D46DE8}") = "Solution Items", "Solution Items", "{094619B1-0C76-41D0-AFBF-3C7560436577}"
	ProjectSection(SolutionItems) = preProject
		LICENSE = LICENSE
		README.md = README.md
	EndProjectSection
EndProject
Project("{2150E333-8FDC-42A3-9474-1A3956D46DE8}") = "Tests", "Tests", "{AAAACF02-36A1-446B-83B5-B2FDE594C273}"
EndProject
Project("{9A19103F-16F7-4668-BE54-9A1E7A4F7556}") = "YPermitin.FIASToolSet.DistributionBrowser.Tests", "Tests\YPermitin.FIASToolSet.DistributionBrowser.Tests\YPermitin.FIASToolSet.DistributionBrowser.Tests.csproj", "{A31B9641-ED56-440F-A40A-1535600228C9}"
EndProject
Project("{2150E333-8FDC-42A3-9474-1A3956D46DE8}") = "Web", "Web", "{614B2D46-3224-441F-A48F-58DBACBC8D4E}"
EndProject
Project("{9A19103F-16F7-4668-BE54-9A1E7A4F7556}") = "YPermitin.FIASToolSet.API", "Web\YPermitin.FIASToolSet.API\YPermitin.FIASToolSet.API.csproj", "{1D6E7DC3-868C-4E0F-A4E2-4C0F656F8FCD}"
EndProject
Project("{9A19103F-16F7-4668-BE54-9A1E7A4F7556}") = "YPermitin.FIASToolSet.API.Tests", "Tests\YPermitin.FIASToolSet.API.Tests\YPermitin.FIASToolSet.API.Tests.csproj", "{0219166D-A933-4EE1-9772-34B67B6F57E1}"
EndProject
Project("{9A19103F-16F7-4668-BE54-9A1E7A4F7556}") = "YPermitin.FIASToolSet.Jobs", "Libs\YPermitin.FIASToolSet.Jobs\YPermitin.FIASToolSet.Jobs.csproj", "{01078196-E797-4825-8CEE-7AA17106FED8}"
EndProject
Project("{9A19103F-16F7-4668-BE54-9A1E7A4F7556}") = "YPermitin.FIASToolSet.Storage.Core", "Libs\YPermitin.FIASToolSet.Storage.Core\YPermitin.FIASToolSet.Storage.Core.csproj", "{E1E77459-3721-4581-B00F-13708A31DDB4}"
EndProject
Project("{9A19103F-16F7-4668-BE54-9A1E7A4F7556}") = "YPermitin.FIASToolSet.Storage.PostgreSQL", "Libs\YPermitin.FIASToolSet.Storage.PostgreSQL\YPermitin.FIASToolSet.Storage.PostgreSQL.csproj", "{0A3BF334-1F90-4A14-B50F-D757956380C8}"
EndProject
Project("{FAE04EC0-301F-11D3-BF4B-00C04F79EFBC}") = "YPermitin.FIASToolSet.Storage.SQLServer", "Libs\YPermitin.FIASToolSet.Storage.SQLServer\YPermitin.FIASToolSet.Storage.SQLServer.csproj", "{7C8AF72D-8645-4B5D-B1E5-FC3C405FEC46}"
EndProject
Project("{2150E333-8FDC-42A3-9474-1A3956D46DE8}") = "Apps", "Apps", "{FAA25495-423B-44E1-B49B-7DB6DB993664}"
EndProject
Project("{FAE04EC0-301F-11D3-BF4B-00C04F79EFBC}") = "YPermitin.FIASToolSet.DistributionDownloader", "Apps\YPermitin.FIASToolSet.DistributionDownloader\YPermitin.FIASToolSet.DistributionDownloader.csproj", "{C3B585DE-1E5C-43D0-B9FE-EEA1B5673DDD}"
EndProject
Project("{FAE04EC0-301F-11D3-BF4B-00C04F79EFBC}") = "YPermitin.FIASToolSet.DistributionReader", "Libs\YPermitin.FIASToolSet.DistributionReader\YPermitin.FIASToolSet.DistributionReader.csproj", "{68921ADE-DF52-4157-BB05-3F9280DDA725}"
EndProject
Project("{FAE04EC0-301F-11D3-BF4B-00C04F79EFBC}") = "YPermitin.FIASToolSet.DistributionReader.Tests", "Tests\YPermitin.FIASToolSet.DistributionReader.Tests\YPermitin.FIASToolSet.DistributionReader.Tests.csproj", "{F63B71FA-BD02-482B-89D3-E35EAD88BF15}"
EndProject
Project("{FAE04EC0-301F-11D3-BF4B-00C04F79EFBC}") = "YPermitin.FIASToolSet.DistributionLoader", "Libs\YPermitin.FIASToolSet.DistributionLoader\YPermitin.FIASToolSet.DistributionLoader.csproj", "{6BB5B53C-485E-446B-B314-88D4DCBF0562}"
EndProject
Global
	GlobalSection(SolutionConfigurationPlatforms) = preSolution
		Debug|Any CPU = Debug|Any CPU
		Release|Any CPU = Release|Any CPU
	EndGlobalSection
	GlobalSection(ProjectConfigurationPlatforms) = postSolution
		{836B61E0-B6C2-4837-93C3-F4CA8B7FE8DC}.Debug|Any CPU.ActiveCfg = Debug|Any CPU
		{836B61E0-B6C2-4837-93C3-F4CA8B7FE8DC}.Debug|Any CPU.Build.0 = Debug|Any CPU
		{836B61E0-B6C2-4837-93C3-F4CA8B7FE8DC}.Release|Any CPU.ActiveCfg = Release|Any CPU
		{836B61E0-B6C2-4837-93C3-F4CA8B7FE8DC}.Release|Any CPU.Build.0 = Release|Any CPU
		{A31B9641-ED56-440F-A40A-1535600228C9}.Debug|Any CPU.ActiveCfg = Debug|Any CPU
		{A31B9641-ED56-440F-A40A-1535600228C9}.Debug|Any CPU.Build.0 = Debug|Any CPU
		{A31B9641-ED56-440F-A40A-1535600228C9}.Release|Any CPU.ActiveCfg = Release|Any CPU
		{A31B9641-ED56-440F-A40A-1535600228C9}.Release|Any CPU.Build.0 = Release|Any CPU
		{1D6E7DC3-868C-4E0F-A4E2-4C0F656F8FCD}.Debug|Any CPU.ActiveCfg = Debug|Any CPU
		{1D6E7DC3-868C-4E0F-A4E2-4C0F656F8FCD}.Debug|Any CPU.Build.0 = Debug|Any CPU
		{1D6E7DC3-868C-4E0F-A4E2-4C0F656F8FCD}.Release|Any CPU.ActiveCfg = Release|Any CPU
		{1D6E7DC3-868C-4E0F-A4E2-4C0F656F8FCD}.Release|Any CPU.Build.0 = Release|Any CPU
		{0219166D-A933-4EE1-9772-34B67B6F57E1}.Debug|Any CPU.ActiveCfg = Debug|Any CPU
		{0219166D-A933-4EE1-9772-34B67B6F57E1}.Debug|Any CPU.Build.0 = Debug|Any CPU
		{0219166D-A933-4EE1-9772-34B67B6F57E1}.Release|Any CPU.ActiveCfg = Release|Any CPU
		{0219166D-A933-4EE1-9772-34B67B6F57E1}.Release|Any CPU.Build.0 = Release|Any CPU
		{01078196-E797-4825-8CEE-7AA17106FED8}.Debug|Any CPU.ActiveCfg = Debug|Any CPU
		{01078196-E797-4825-8CEE-7AA17106FED8}.Debug|Any CPU.Build.0 = Debug|Any CPU
		{01078196-E797-4825-8CEE-7AA17106FED8}.Release|Any CPU.ActiveCfg = Release|Any CPU
		{01078196-E797-4825-8CEE-7AA17106FED8}.Release|Any CPU.Build.0 = Release|Any CPU
		{E1E77459-3721-4581-B00F-13708A31DDB4}.Debug|Any CPU.ActiveCfg = Debug|Any CPU
		{E1E77459-3721-4581-B00F-13708A31DDB4}.Debug|Any CPU.Build.0 = Debug|Any CPU
		{E1E77459-3721-4581-B00F-13708A31DDB4}.Release|Any CPU.ActiveCfg = Release|Any CPU
		{E1E77459-3721-4581-B00F-13708A31DDB4}.Release|Any CPU.Build.0 = Release|Any CPU
		{0A3BF334-1F90-4A14-B50F-D757956380C8}.Debug|Any CPU.ActiveCfg = Debug|Any CPU
		{0A3BF334-1F90-4A14-B50F-D757956380C8}.Debug|Any CPU.Build.0 = Debug|Any CPU
		{0A3BF334-1F90-4A14-B50F-D757956380C8}.Release|Any CPU.ActiveCfg = Release|Any CPU
		{0A3BF334-1F90-4A14-B50F-D757956380C8}.Release|Any CPU.Build.0 = Release|Any CPU
		{7C8AF72D-8645-4B5D-B1E5-FC3C405FEC46}.Debug|Any CPU.ActiveCfg = Debug|Any CPU
		{7C8AF72D-8645-4B5D-B1E5-FC3C405FEC46}.Debug|Any CPU.Build.0 = Debug|Any CPU
		{7C8AF72D-8645-4B5D-B1E5-FC3C405FEC46}.Release|Any CPU.ActiveCfg = Release|Any CPU
		{7C8AF72D-8645-4B5D-B1E5-FC3C405FEC46}.Release|Any CPU.Build.0 = Release|Any CPU
		{C3B585DE-1E5C-43D0-B9FE-EEA1B5673DDD}.Debug|Any CPU.ActiveCfg = Debug|Any CPU
		{C3B585DE-1E5C-43D0-B9FE-EEA1B5673DDD}.Debug|Any CPU.Build.0 = Debug|Any CPU
		{C3B585DE-1E5C-43D0-B9FE-EEA1B5673DDD}.Release|Any CPU.ActiveCfg = Release|Any CPU
		{C3B585DE-1E5C-43D0-B9FE-EEA1B5673DDD}.Release|Any CPU.Build.0 = Release|Any CPU
		{68921ADE-DF52-4157-BB05-3F9280DDA725}.Debug|Any CPU.ActiveCfg = Debug|Any CPU
		{68921ADE-DF52-4157-BB05-3F9280DDA725}.Debug|Any CPU.Build.0 = Debug|Any CPU
		{68921ADE-DF52-4157-BB05-3F9280DDA725}.Release|Any CPU.ActiveCfg = Release|Any CPU
		{68921ADE-DF52-4157-BB05-3F9280DDA725}.Release|Any CPU.Build.0 = Release|Any CPU
		{F63B71FA-BD02-482B-89D3-E35EAD88BF15}.Debug|Any CPU.ActiveCfg = Debug|Any CPU
		{F63B71FA-BD02-482B-89D3-E35EAD88BF15}.Debug|Any CPU.Build.0 = Debug|Any CPU
		{F63B71FA-BD02-482B-89D3-E35EAD88BF15}.Release|Any CPU.ActiveCfg = Release|Any CPU
		{F63B71FA-BD02-482B-89D3-E35EAD88BF15}.Release|Any CPU.Build.0 = Release|Any CPU
		{6BB5B53C-485E-446B-B314-88D4DCBF0562}.Debug|Any CPU.ActiveCfg = Debug|Any CPU
		{6BB5B53C-485E-446B-B314-88D4DCBF0562}.Debug|Any CPU.Build.0 = Debug|Any CPU
		{6BB5B53C-485E-446B-B314-88D4DCBF0562}.Release|Any CPU.ActiveCfg = Release|Any CPU
		{6BB5B53C-485E-446B-B314-88D4DCBF0562}.Release|Any CPU.Build.0 = Release|Any CPU
	EndGlobalSection
	GlobalSection(SolutionProperties) = preSolution
		HideSolutionNode = FALSE
	EndGlobalSection
	GlobalSection(NestedProjects) = preSolution
		{836B61E0-B6C2-4837-93C3-F4CA8B7FE8DC} = {068FF229-56E5-4718-83EF-1D863CBE8F71}
		{A31B9641-ED56-440F-A40A-1535600228C9} = {AAAACF02-36A1-446B-83B5-B2FDE594C273}
		{1D6E7DC3-868C-4E0F-A4E2-4C0F656F8FCD} = {614B2D46-3224-441F-A48F-58DBACBC8D4E}
		{0219166D-A933-4EE1-9772-34B67B6F57E1} = {AAAACF02-36A1-446B-83B5-B2FDE594C273}
		{01078196-E797-4825-8CEE-7AA17106FED8} = {068FF229-56E5-4718-83EF-1D863CBE8F71}
		{E1E77459-3721-4581-B00F-13708A31DDB4} = {068FF229-56E5-4718-83EF-1D863CBE8F71}
		{0A3BF334-1F90-4A14-B50F-D757956380C8} = {068FF229-56E5-4718-83EF-1D863CBE8F71}
		{7C8AF72D-8645-4B5D-B1E5-FC3C405FEC46} = {068FF229-56E5-4718-83EF-1D863CBE8F71}
		{C3B585DE-1E5C-43D0-B9FE-EEA1B5673DDD} = {FAA25495-423B-44E1-B49B-7DB6DB993664}
		{68921ADE-DF52-4157-BB05-3F9280DDA725} = {068FF229-56E5-4718-83EF-1D863CBE8F71}
		{F63B71FA-BD02-482B-89D3-E35EAD88BF15} = {AAAACF02-36A1-446B-83B5-B2FDE594C273}
		{6BB5B53C-485E-446B-B314-88D4DCBF0562} = {068FF229-56E5-4718-83EF-1D863CBE8F71}
	EndGlobalSection
	GlobalSection(ExtensibilityGlobals) = postSolution
		SolutionGuid = {E8FCAA60-A495-45A3-95C8-405142F3203A}
	EndGlobalSection
EndGlobal
